
Microsoft Visual Studio Solution File, Format Version 12.00
# Visual Studio Version 16
VisualStudioVersion = 16.0.29920.165
MinimumVisualStudioVersion = 10.0.40219.1
Project("{FAE04EC0-301F-11D3-BF4B-00C04F79EFBC}") = "Aquapark", "Aquapark\Aquapark.csproj", "{58EC9079-ACBA-4C27-8723-E14B4E15699D}"
EndProject
Global
	GlobalSection(SolutionConfigurationPlatforms) = preSolution
		Debug|Any CPU = Debug|Any CPU
		Release|Any CPU = Release|Any CPU
	EndGlobalSection
	GlobalSection(ProjectConfigurationPlatforms) = postSolution
		{58EC9079-ACBA-4C27-8723-E14B4E15699D}.Debug|Any CPU.ActiveCfg = Debug|Any CPU
		{58EC9079-ACBA-4C27-8723-E14B4E15699D}.Debug|Any CPU.Build.0 = Debug|Any CPU
		{58EC9079-ACBA-4C27-8723-E14B4E15699D}.Release|Any CPU.ActiveCfg = Release|Any CPU
		{58EC9079-ACBA-4C27-8723-E14B4E15699D}.Release|Any CPU.Build.0 = Release|Any CPU
	EndGlobalSection
	GlobalSection(SolutionProperties) = preSolution
		HideSolutionNode = FALSE
	EndGlobalSection
	GlobalSection(ExtensibilityGlobals) = postSolution
		SolutionGuid = {AE484EE4-2AE9-4593-991A-1AD10105D627}
	EndGlobalSection
EndGlobal
